# This file is automatically @generated by Poetry 1.8.4 and should not be changed by hand.

[[package]]
name = "python-osc"
version = "1.9.0"
description = "Open Sound Control server and client implementations in pure Python"
optional = false
python-versions = ">=3.10"
files = [
    {file = "python_osc-1.9.0-py3-none-any.whl", hash = "sha256:4b16d8c4ae6a8a291037b2216a188d8654a4babe721387b8a37f89470b0c82c1"},
    {file = "python_osc-1.9.0.tar.gz", hash = "sha256:ab50f66b1a19efd5bff722f26ab6450df19cdd84ba868f08c9a33e7c78514456"},
]

[metadata]
lock-version = "2.0"
python-versions = "^3.12"
content-hash = "2def273f52978619636ebc4f4e581ac05b2a6b2ecb7a2c388b611ede4d6d8ab6"
